
Microsoft Visual Studio Solution File, Format Version 12.00
# Visual Studio Version 17
VisualStudioVersion = 17.13.35828.75 d17.13
MinimumVisualStudioVersion = 10.0.40219.1
Project("{FAE04EC0-301F-11D3-BF4B-00C04F79EFBC}") = "Bloggie.Web", "Bloggie.Web.csproj", "{192F6A6A-BE76-42A9-A867-4E8DB1398E43}"
EndProject
Global
	GlobalSection(SolutionConfigurationPlatforms) = preSolution
		Debug|Any CPU = Debug|Any CPU
		Release|Any CPU = Release|Any CPU
	EndGlobalSection
	GlobalSection(ProjectConfigurationPlatforms) = postSolution
		{192F6A6A-BE76-42A9-A867-4E8DB1398E43}.Debug|Any CPU.ActiveCfg = Debug|Any CPU
		{192F6A6A-BE76-42A9-A867-4E8DB1398E43}.Debug|Any CPU.Build.0 = Debug|Any CPU
		{192F6A6A-BE76-42A9-A867-4E8DB1398E43}.Release|Any CPU.ActiveCfg = Release|Any CPU
		{192F6A6A-BE76-42A9-A867-4E8DB1398E43}.Release|Any CPU.Build.0 = Release|Any CPU
	EndGlobalSection
	GlobalSection(SolutionProperties) = preSolution
		HideSolutionNode = FALSE
	EndGlobalSection
	GlobalSection(ExtensibilityGlobals) = postSolution
		SolutionGuid = {7BB5EC9C-8430-43FB-866E-AE4CC8AB19F6}
	EndGlobalSection
EndGlobal
